
Microsoft Visual Studio Solution File, Format Version 12.00
# Visual Studio Version 16
VisualStudioVersion = 16.0.29613.14
MinimumVisualStudioVersion = 10.0.40219.1
Project("{8BC9CEB8-8B4A-11D0-8D11-00A0C91BC942}") = "Poisk", "Poisk\Poisk.vcxproj", "{B4AA3B34-1E7C-49C6-A5F9-EE044A21A597}"
EndProject
Global
	GlobalSection(SolutionConfigurationPlatforms) = preSolution
		Debug|x64 = Debug|x64
		Debug|x86 = Debug|x86
		Release|x64 = Release|x64
		Release|x86 = Release|x86
	EndGlobalSection
	GlobalSection(ProjectConfigurationPlatforms) = postSolution
		{B4AA3B34-1E7C-49C6-A5F9-EE044A21A597}.Debug|x64.ActiveCfg = Debug|x64
		{B4AA3B34-1E7C-49C6-A5F9-EE044A21A597}.Debug|x64.Build.0 = Debug|x64
		{B4AA3B34-1E7C-49C6-A5F9-EE044A21A597}.Debug|x86.ActiveCfg = Debug|Win32
		{B4AA3B34-1E7C-49C6-A5F9-EE044A21A597}.Debug|x86.Build.0 = Debug|Win32
		{B4AA3B34-1E7C-49C6-A5F9-EE044A21A597}.Release|x64.ActiveCfg = Release|x64
		{B4AA3B34-1E7C-49C6-A5F9-EE044A21A597}.Release|x64.Build.0 = Release|x64
		{B4AA3B34-1E7C-49C6-A5F9-EE044A21A597}.Release|x86.ActiveCfg = Release|Win32
		{B4AA3B34-1E7C-49C6-A5F9-EE044A21A597}.Release|x86.Build.0 = Release|Win32
	EndGlobalSection
	GlobalSection(SolutionProperties) = preSolution
		HideSolutionNode = FALSE
	EndGlobalSection
	GlobalSection(ExtensibilityGlobals) = postSolution
		SolutionGuid = {14BB7D0A-2A06-4A2A-A390-061CE3C06500}
	EndGlobalSection
EndGlobal
