
Microsoft Visual Studio Solution File, Format Version 12.00
# Visual Studio Version 16
VisualStudioVersion = 16.0.29215.179
MinimumVisualStudioVersion = 10.0.40219.1
Project("{8BC9CEB8-8B4A-11D0-8D11-00A0C91BC942}") = "TestWithStructures", "TestWithStructures.vcxproj", "{93ED1A0C-6EEB-4E64-8C3A-41EC4ADC88D8}"
EndProject
Global
	GlobalSection(SolutionConfigurationPlatforms) = preSolution
		Debug|x64 = Debug|x64
		Debug|x86 = Debug|x86
		Release|x64 = Release|x64
		Release|x86 = Release|x86
	EndGlobalSection
	GlobalSection(ProjectConfigurationPlatforms) = postSolution
		{93ED1A0C-6EEB-4E64-8C3A-41EC4ADC88D8}.Debug|x64.ActiveCfg = Debug|x64
		{93ED1A0C-6EEB-4E64-8C3A-41EC4ADC88D8}.Debug|x64.Build.0 = Debug|x64
		{93ED1A0C-6EEB-4E64-8C3A-41EC4ADC88D8}.Debug|x86.ActiveCfg = Debug|Win32
		{93ED1A0C-6EEB-4E64-8C3A-41EC4ADC88D8}.Debug|x86.Build.0 = Debug|Win32
		{93ED1A0C-6EEB-4E64-8C3A-41EC4ADC88D8}.Release|x64.ActiveCfg = Release|x64
		{93ED1A0C-6EEB-4E64-8C3A-41EC4ADC88D8}.Release|x64.Build.0 = Release|x64
		{93ED1A0C-6EEB-4E64-8C3A-41EC4ADC88D8}.Release|x86.ActiveCfg = Release|Win32
		{93ED1A0C-6EEB-4E64-8C3A-41EC4ADC88D8}.Release|x86.Build.0 = Release|Win32
	EndGlobalSection
	GlobalSection(SolutionProperties) = preSolution
		HideSolutionNode = FALSE
	EndGlobalSection
	GlobalSection(ExtensibilityGlobals) = postSolution
		SolutionGuid = {6CA3EBA3-1730-4818-8D2D-1CD631F3AB98}
	EndGlobalSection
EndGlobal
